
Microsoft Visual Studio Solution File, Format Version 10.00
# Visual Studio 2008
Project("{8BC9CEB8-8B4A-11D0-8D11-00A0C91BC942}") = "T01FWIN", "T01FWIN.vcproj", "{04B2FEB5-F25B-4D3E-B43B-95F57A643A81}"
EndProject
Global
	GlobalSection(SolutionConfigurationPlatforms) = preSolution
		Debug|Win32 = Debug|Win32
		Release|Win32 = Release|Win32
	EndGlobalSection
	GlobalSection(ProjectConfigurationPlatforms) = postSolution
		{04B2FEB5-F25B-4D3E-B43B-95F57A643A81}.Debug|Win32.ActiveCfg = Debug|Win32
		{04B2FEB5-F25B-4D3E-B43B-95F57A643A81}.Debug|Win32.Build.0 = Debug|Win32
		{04B2FEB5-F25B-4D3E-B43B-95F57A643A81}.Release|Win32.ActiveCfg = Release|Win32
		{04B2FEB5-F25B-4D3E-B43B-95F57A643A81}.Release|Win32.Build.0 = Release|Win32
	EndGlobalSection
	GlobalSection(SolutionProperties) = preSolution
		HideSolutionNode = FALSE
	EndGlobalSection
EndGlobal
